// !$*UTF8*$!
{
	archiveVersion = 1;
	classes = {
	};
	objectVersion = 56;
	objects = {

/* Begin PBXBuildFile section */
		1F3E80DD2D19B01C0090005E /* TMDB_ArunApp.swift in Sources */ = {isa = PBXBuildFile; fileRef = 1F3E80DC2D19B01C0090005E /* TMDB_ArunApp.swift */; };
		1F3E80DF2D19B01C0090005E /* ContentView.swift in Sources */ = {isa = PBXBuildFile; fileRef = 1F3E80DE2D19B01C0090005E /* ContentView.swift */; };
		1F3E80E12D19B01E0090005E /* Assets.xcassets in Resources */ = {isa = PBXBuildFile; fileRef = 1F3E80E02D19B01E0090005E /* Assets.xcassets */; };
		1F3E80E42D19B01E0090005E /* Preview Assets.xcassets in Resources */ = {isa = PBXBuildFile; fileRef = 1F3E80E32D19B01E0090005E /* Preview Assets.xcassets */; };
		1F3E80EE2D19B01E0090005E /* TMDB_ArunTests.swift in Sources */ = {isa = PBXBuildFile; fileRef = 1F3E80ED2D19B01E0090005E /* TMDB_ArunTests.swift */; };
		1F3E80F82D19B01E0090005E /* TMDB_ArunUITests.swift in Sources */ = {isa = PBXBuildFile; fileRef = 1F3E80F72D19B01E0090005E /* TMDB_ArunUITests.swift */; };
		1F3E80FA2D19B01E0090005E /* TMDB_ArunUITestsLaunchTests.swift in Sources */ = {isa = PBXBuildFile; fileRef = 1F3E80F92D19B01E0090005E /* TMDB_ArunUITestsLaunchTests.swift */; };
/* End PBXBuildFile section */

/* Begin PBXContainerItemProxy section */
		1F3E80EA2D19B01E0090005E /* PBXContainerItemProxy */ = {
			isa = PBXContainerItemProxy;
			containerPortal = 1F3E80D12D19B01C0090005E /* Project object */;
			proxyType = 1;
			remoteGlobalIDString = 1F3E80D82D19B01C0090005E;
			remoteInfo = TMDB_Arun;
		};
		1F3E80F42D19B01E0090005E /* PBXContainerItemProxy */ = {
			isa = PBXContainerItemProxy;
			containerPortal = 1F3E80D12D19B01C0090005E /* Project object */;
			proxyType = 1;
			remoteGlobalIDString = 1F3E80D82D19B01C0090005E;
			remoteInfo = TMDB_Arun;
		};
/* End PBXContainerItemProxy section */

/* Begin PBXFileReference section */
		1F3E80D92D19B01C0090005E /* TMDB_Arun.app */ = {isa = PBXFileReference; explicitFileType = wrapper.application; includeInIndex = 0; path = TMDB_Arun.app; sourceTree = BUILT_PRODUCTS_DIR; };
		1F3E80DC2D19B01C0090005E /* TMDB_ArunApp.swift */ = {isa = PBXFileReference; lastKnownFileType = sourcecode.swift; path = TMDB_ArunApp.swift; sourceTree = "<group>"; };
		1F3E80DE2D19B01C0090005E /* ContentView.swift */ = {isa = PBXFileReference; lastKnownFileType = sourcecode.swift; path = ContentView.swift; sourceTree = "<group>"; };
		1F3E80E02D19B01E0090005E /* Assets.xcassets */ = {isa = PBXFileReference; lastKnownFileType = folder.assetcatalog; path = Assets.xcassets; sourceTree = "<group>"; };
		1F3E80E32D19B01E0090005E /* Preview Assets.xcassets */ = {isa = PBXFileReference; lastKnownFileType = folder.assetcatalog; path = "Preview Assets.xcassets"; sourceTree = "<group>"; };
		1F3E80E92D19B01E0090005E /* TMDB_ArunTests.xctest */ = {isa = PBXFileReference; explicitFileType = wrapper.cfbundle; includeInIndex = 0; path = TMDB_ArunTests.xctest; sourceTree = BUILT_PRODUCTS_DIR; };
		1F3E80ED2D19B01E0090005E /* TMDB_ArunTests.swift */ = {isa = PBXFileReference; lastKnownFileType = sourcecode.swift; path = TMDB_ArunTests.swift; sourceTree = "<group>"; };
		1F3E80F32D19B01E0090005E /* TMDB_ArunUITests.xctest */ = {isa = PBXFileReference; explicitFileType = wrapper.cfbundle; includeInIndex = 0; path = TMDB_ArunUITests.xctest; sourceTree = BUILT_PRODUCTS_DIR; };
		1F3E80F72D19B01E0090005E /* TMDB_ArunUITests.swift */ = {isa = PBXFileReference; lastKnownFileType = sourcecode.swift; path = TMDB_ArunUITests.swift; sourceTree = "<group>"; };
		1F3E80F92D19B01E0090005E /* TMDB_ArunUITestsLaunchTests.swift */ = {isa = PBXFileReference; lastKnownFileType = sourcecode.swift; path = TMDB_ArunUITestsLaunchTests.swift; sourceTree = "<group>"; };
/* End PBXFileReference section */

/* Begin PBXFrameworksBuildPhase section */
		1F3E80D62D19B01C0090005E /* Frameworks */ = {
			isa = PBXFrameworksBuildPhase;
			buildActionMask = 2147483647;
			files = (
			);
			runOnlyForDeploymentPostprocessing = 0;
		};
		1F3E80E62D19B01E0090005E /* Frameworks */ = {
			isa = PBXFrameworksBuildPhase;
			buildActionMask = 2147483647;
			files = (
			);
			runOnlyForDeploymentPostprocessing = 0;
		};
		1F3E80F02D19B01E0090005E /* Frameworks */ = {
			isa = PBXFrameworksBuildPhase;
			buildActionMask = 2147483647;
			files = (
			);
			runOnlyForDeploymentPostprocessing = 0;
		};
/* End PBXFrameworksBuildPhase section */

/* Begin PBXGroup section */
		1F3E80D02D19B01C0090005E = {
			isa = PBXGroup;
			children = (
				1F3E80DB2D19B01C0090005E /* TMDB_Arun */,
				1F3E80EC2D19B01E0090005E /* TMDB_ArunTests */,
				1F3E80F62D19B01E0090005E /* TMDB_ArunUITests */,
				1F3E80DA2D19B01C0090005E /* Products */,
			);
			sourceTree = "<group>";
		};
		1F3E80DA2D19B01C0090005E /* Products */ = {
			isa = PBXGroup;
			children = (
				1F3E80D92D19B01C0090005E /* TMDB_Arun.app */,
				1F3E80E92D19B01E0090005E /* TMDB_ArunTests.xctest */,
				1F3E80F32D19B01E0090005E /* TMDB_ArunUITests.xctest */,
			);
			name = Products;
			sourceTree = "<group>";
		};
		1F3E80DB2D19B01C0090005E /* TMDB_Arun */ = {
			isa = PBXGroup;
			children = (
				1F3E80DC2D19B01C0090005E /* TMDB_ArunApp.swift */,
				1F3E80DE2D19B01C0090005E /* ContentView.swift */,
				1F3E80E02D19B01E0090005E /* Assets.xcassets */,
				1F3E80E22D19B01E0090005E /* Preview Content */,
			);
			path = TMDB_Arun;
			sourceTree = "<group>";
		};
		1F3E80E22D19B01E0090005E /* Preview Content */ = {
			isa = PBXGroup;
			children = (
				1F3E80E32D19B01E0090005E /* Preview Assets.xcassets */,
			);
			path = "Preview Content";
			sourceTree = "<group>";
		};
		1F3E80EC2D19B01E0090005E /* TMDB_ArunTests */ = {
			isa = PBXGroup;
			children = (
				1F3E80ED2D19B01E0090005E /* TMDB_ArunTests.swift */,
			);
			path = TMDB_ArunTests;
			sourceTree = "<group>";
		};
		1F3E80F62D19B01E0090005E /* TMDB_ArunUITests */ = {
			isa = PBXGroup;
			children = (
				1F3E80F72D19B01E0090005E /* TMDB_ArunUITests.swift */,
				1F3E80F92D19B01E0090005E /* TMDB_ArunUITestsLaunchTests.swift */,
			);
			path = TMDB_ArunUITests;
			sourceTree = "<group>";
		};
/* End PBXGroup section */

/* Begin PBXNativeTarget section */
		1F3E80D82D19B01C0090005E /* TMDB_Arun */ = {
			isa = PBXNativeTarget;
			buildConfigurationList = 1F3E80FD2D19B01E0090005E /* Build configuration list for PBXNativeTarget "TMDB_Arun" */;
			buildPhases = (
				1F3E80D52D19B01C0090005E /* Sources */,
				1F3E80D62D19B01C0090005E /* Frameworks */,
				1F3E80D72D19B01C0090005E /* Resources */,
			);
			buildRules = (
			);
			dependencies = (
			);
			name = TMDB_Arun;
			productName = TMDB_Arun;
			productReference = 1F3E80D92D19B01C0090005E /* TMDB_Arun.app */;
			productType = "com.apple.product-type.application";
		};
		1F3E80E82D19B01E0090005E /* TMDB_ArunTests */ = {
			isa = PBXNativeTarget;
			buildConfigurationList = 1F3E81002D19B01E0090005E /* Build configuration list for PBXNativeTarget "TMDB_ArunTests" */;
			buildPhases = (
				1F3E80E52D19B01E0090005E /* Sources */,
				1F3E80E62D19B01E0090005E /* Frameworks */,
				1F3E80E72D19B01E0090005E /* Resources */,
			);
			buildRules = (
			);
			dependencies = (
				1F3E80EB2D19B01E0090005E /* PBXTargetDependency */,
			);
			name = TMDB_ArunTests;
			productName = TMDB_ArunTests;
			productReference = 1F3E80E92D19B01E0090005E /* TMDB_ArunTests.xctest */;
			productType = "com.apple.product-type.bundle.unit-test";
		};
		1F3E80F22D19B01E0090005E /* TMDB_ArunUITests */ = {
			isa = PBXNativeTarget;
			buildConfigurationList = 1F3E81032D19B01E0090005E /* Build configuration list for PBXNativeTarget "TMDB_ArunUITests" */;
			buildPhases = (
				1F3E80EF2D19B01E0090005E /* Sources */,
				1F3E80F02D19B01E0090005E /* Frameworks */,
				1F3E80F12D19B01E0090005E /* Resources */,
			);
			buildRules = (
			);
			dependencies = (
				1F3E80F52D19B01E0090005E /* PBXTargetDependency */,
			);
			name = TMDB_ArunUITests;
			productName = TMDB_ArunUITests;
			productReference = 1F3E80F32D19B01E0090005E /* TMDB_ArunUITests.xctest */;
			productType = "com.apple.product-type.bundle.ui-testing";
		};
/* End PBXNativeTarget section */

/* Begin PBXProject section */
		1F3E80D12D19B01C0090005E /* Project object */ = {
			isa = PBXProject;
			attributes = {
				BuildIndependentTargetsInParallel = 1;
				LastSwiftUpdateCheck = 1540;
				LastUpgradeCheck = 1540;
				TargetAttributes = {
					1F3E80D82D19B01C0090005E = {
						CreatedOnToolsVersion = 15.4;
					};
					1F3E80E82D19B01E0090005E = {
						CreatedOnToolsVersion = 15.4;
						TestTargetID = 1F3E80D82D19B01C0090005E;
					};
					1F3E80F22D19B01E0090005E = {
						CreatedOnToolsVersion = 15.4;
						TestTargetID = 1F3E80D82D19B01C0090005E;
					};
				};
			};
			buildConfigurationList = 1F3E80D42D19B01C0090005E /* Build configuration list for PBXProject "TMDB_Arun" */;
			compatibilityVersion = "Xcode 14.0";
			developmentRegion = en;
			hasScannedForEncodings = 0;
			knownRegions = (
				en,
				Base,
			);
			mainGroup = 1F3E80D02D19B01C0090005E;
			productRefGroup = 1F3E80DA2D19B01C0090005E /* Products */;
			projectDirPath = "";
			projectRoot = "";
			targets = (
				1F3E80D82D19B01C0090005E /* TMDB_Arun */,
				1F3E80E82D19B01E0090005E /* TMDB_ArunTests */,
				1F3E80F22D19B01E0090005E /* TMDB_ArunUITests */,
			);
		};
/* End PBXProject section */

/* Begin PBXResourcesBuildPhase section */
		1F3E80D72D19B01C0090005E /* Resources */ = {
			isa = PBXResourcesBuildPhase;
			buildActionMask = 2147483647;
			files = (
				1F3E80E42D19B01E0090005E /* Preview Assets.xcassets in Resources */,
				1F3E80E12D19B01E0090005E /* Assets.xcassets in Resources */,
			);
			runOnlyForDeploymentPostprocessing = 0;
		};
		1F3E80E72D19B01E0090005E /* Resources */ = {
			isa = PBXResourcesBuildPhase;
			buildActionMask = 2147483647;
			files = (
			);
			runOnlyForDeploymentPostprocessing = 0;
		};
		1F3E80F12D19B01E0090005E /* Resources */ = {
			isa = PBXResourcesBuildPhase;
			buildActionMask = 2147483647;
			files = (
			);
			runOnlyForDeploymentPostprocessing = 0;
		};
/* End PBXResourcesBuildPhase section */

/* Begin PBXSourcesBuildPhase section */
		1F3E80D52D19B01C0090005E /* Sources */ = {
			isa = PBXSourcesBuildPhase;
			buildActionMask = 2147483647;
			files = (
				1F3E80DF2D19B01C0090005E /* ContentView.swift in Sources */,
				1F3E80DD2D19B01C0090005E /* TMDB_ArunApp.swift in Sources */,
			);
			runOnlyForDeploymentPostprocessing = 0;
		};
		1F3E80E52D19B01E0090005E /* Sources */ = {
			isa = PBXSourcesBuildPhase;
			buildActionMask = 2147483647;
			files = (
				1F3E80EE2D19B01E0090005E /* TMDB_ArunTests.swift in Sources */,
			);
			runOnlyForDeploymentPostprocessing = 0;
		};
		1F3E80EF2D19B01E0090005E /* Sources */ = {
			isa = PBXSourcesBuildPhase;
			buildActionMask = 2147483647;
			files = (
				1F3E80F82D19B01E0090005E /* TMDB_ArunUITests.swift in Sources */,
				1F3E80FA2D19B01E0090005E /* TMDB_ArunUITestsLaunchTests.swift in Sources */,
			);
			runOnlyForDeploymentPostprocessing = 0;
		};
/* End PBXSourcesBuildPhase section */

/* Begin PBXTargetDependency section */
		1F3E80EB2D19B01E0090005E /* PBXTargetDependency */ = {
			isa = PBXTargetDependency;
			target = 1F3E80D82D19B01C0090005E /* TMDB_Arun */;
			targetProxy = 1F3E80EA2D19B01E0090005E /* PBXContainerItemProxy */;
		};
		1F3E80F52D19B01E0090005E /* PBXTargetDependency */ = {
			isa = PBXTargetDependency;
			target = 1F3E80D82D19B01C0090005E /* TMDB_Arun */;
			targetProxy = 1F3E80F42D19B01E0090005E /* PBXContainerItemProxy */;
		};
/* End PBXTargetDependency section */

/* Begin XCBuildConfiguration section */
		1F3E80FB2D19B01E0090005E /* Debug */ = {
			isa = XCBuildConfiguration;
			buildSettings = {
				ALWAYS_SEARCH_USER_PATHS = NO;
				ASSETCATALOG_COMPILER_GENERATE_SWIFT_ASSET_SYMBOL_EXTENSIONS = YES;
				CLANG_ANALYZER_NONNULL = YES;
				CLANG_ANALYZER_NUMBER_OBJECT_CONVERSION = YES_AGGRESSIVE;
				CLANG_CXX_LANGUAGE_STANDARD = "gnu++20";
				CLANG_ENABLE_MODULES = YES;
				CLANG_ENABLE_OBJC_ARC = YES;
				CLANG_ENABLE_OBJC_WEAK = YES;
				CLANG_WARN_BLOCK_CAPTURE_AUTORELEASING = YES;
				CLANG_WARN_BOOL_CONVERSION = YES;
				CLANG_WARN_COMMA = YES;
				CLANG_WARN_CONSTANT_CONVERSION = YES;
				CLANG_WARN_DEPRECATED_OBJC_IMPLEMENTATIONS = YES;
				CLANG_WARN_DIRECT_OBJC_ISA_USAGE = YES_ERROR;
				CLANG_WARN_DOCUMENTATION_COMMENTS = YES;
				CLANG_WARN_EMPTY_BODY = YES;
				CLANG_WARN_ENUM_CONVERSION = YES;
				CLANG_WARN_INFINITE_RECURSION = YES;
				CLANG_WARN_INT_CONVERSION = YES;
				CLANG_WARN_NON_LITERAL_NULL_CONVERSION = YES;
				CLANG_WARN_OBJC_IMPLICIT_RETAIN_SELF = YES;
				CLANG_WARN_OBJC_LITERAL_CONVERSION = YES;
				CLANG_WARN_OBJC_ROOT_CLASS = YES_ERROR;
				CLANG_WARN_QUOTED_INCLUDE_IN_FRAMEWORK_HEADER = YES;
				CLANG_WARN_RANGE_LOOP_ANALYSIS = YES;
				CLANG_WARN_STRICT_PROTOTYPES = YES;
				CLANG_WARN_SUSPICIOUS_MOVE = YES;
				CLANG_WARN_UNGUARDED_AVAILABILITY = YES_AGGRESSIVE;
				CLANG_WARN_UNREACHABLE_CODE = YES;
				CLANG_WARN__DUPLICATE_METHOD_MATCH = YES;
				COPY_PHASE_STRIP = NO;
				DEBUG_INFORMATION_FORMAT = dwarf;
				ENABLE_STRICT_OBJC_MSGSEND = YES;
				ENABLE_TESTABILITY = YES;
				ENABLE_USER_SCRIPT_SANDBOXING = YES;
				GCC_C_LANGUAGE_STANDARD = gnu17;
				GCC_DYNAMIC_NO_PIC = NO;
				GCC_NO_COMMON_BLOCKS = YES;
				GCC_OPTIMIZATION_LEVEL = 0;
				GCC_PREPROCESSOR_DEFINITIONS = (
					"DEBUG=1",
					"$(inherited)",
				);
				GCC_WARN_64_TO_32_BIT_CONVERSION = YES;
				GCC_WARN_ABOUT_RETURN_TYPE = YES_ERROR;
				GCC_WARN_UNDECLARED_SELECTOR = YES;
				GCC_WARN_UNINITIALIZED_AUTOS = YES_AGGRESSIVE;
				GCC_WARN_UNUSED_FUNCTION = YES;
				GCC_WARN_UNUSED_VARIABLE = YES;
				IPHONEOS_DEPLOYMENT_TARGET = 17.5;
				LOCALIZATION_PREFERS_STRING_CATALOGS = YES;
				MTL_ENABLE_DEBUG_INFO = INCLUDE_SOURCE;
				MTL_FAST_MATH = YES;
				ONLY_ACTIVE_ARCH = YES;
				SDKROOT = iphoneos;
				SWIFT_ACTIVE_COMPILATION_CONDITIONS = "DEBUG $(inherited)";
				SWIFT_OPTIMIZATION_LEVEL = "-Onone";
			};
			name = Debug;
		};
		1F3E80FC2D19B01E0090005E /* Release */ = {
			isa = XCBuildConfiguration;
			buildSettings = {
				ALWAYS_SEARCH_USER_PATHS = NO;
				ASSETCATALOG_COMPILER_GENERATE_SWIFT_ASSET_SYMBOL_EXTENSIONS = YES;
				CLANG_ANALYZER_NONNULL = YES;
				CLANG_ANALYZER_NUMBER_OBJECT_CONVERSION = YES_AGGRESSIVE;
				CLANG_CXX_LANGUAGE_STANDARD = "gnu++20";
				CLANG_ENABLE_MODULES = YES;
				CLANG_ENABLE_OBJC_ARC = YES;
				CLANG_ENABLE_OBJC_WEAK = YES;
				CLANG_WARN_BLOCK_CAPTURE_AUTORELEASING = YES;
				CLANG_WARN_BOOL_CONVERSION = YES;
				CLANG_WARN_COMMA = YES;
				CLANG_WARN_CONSTANT_CONVERSION = YES;
				CLANG_WARN_DEPRECATED_OBJC_IMPLEMENTATIONS = YES;
				CLANG_WARN_DIRECT_OBJC_ISA_USAGE = YES_ERROR;
				CLANG_WARN_DOCUMENTATION_COMMENTS = YES;
				CLANG_WARN_EMPTY_BODY = YES;
				CLANG_WARN_ENUM_CONVERSION = YES;
				CLANG_WARN_INFINITE_RECURSION = YES;
				CLANG_WARN_INT_CONVERSION = YES;
				CLANG_WARN_NON_LITERAL_NULL_CONVERSION = YES;
				CLANG_WARN_OBJC_IMPLICIT_RETAIN_SELF = YES;
				CLANG_WARN_OBJC_LITERAL_CONVERSION = YES;
				CLANG_WARN_OBJC_ROOT_CLASS = YES_ERROR;
				CLANG_WARN_QUOTED_INCLUDE_IN_FRAMEWORK_HEADER = YES;
				CLANG_WARN_RANGE_LOOP_ANALYSIS = YES;
				CLANG_WARN_STRICT_PROTOTYPES = YES;
				CLANG_WARN_SUSPICIOUS_MOVE = YES;
				CLANG_WARN_UNGUARDED_AVAILABILITY = YES_AGGRESSIVE;
				CLANG_WARN_UNREACHABLE_CODE = YES;
				CLANG_WARN__DUPLICATE_METHOD_MATCH = YES;
				COPY_PHASE_STRIP = NO;
				DEBUG_INFORMATION_FORMAT = "dwarf-with-dsym";
				ENABLE_NS_ASSERTIONS = NO;
				ENABLE_STRICT_OBJC_MSGSEND = YES;
				ENABLE_USER_SCRIPT_SANDBOXING = YES;
				GCC_C_LANGUAGE_STANDARD = gnu17;
				GCC_NO_COMMON_BLOCKS = YES;
				GCC_WARN_64_TO_32_BIT_CONVERSION = YES;
				GCC_WARN_ABOUT_RETURN_TYPE = YES_ERROR;
				GCC_WARN_UNDECLARED_SELECTOR = YES;
				GCC_WARN_UNINITIALIZED_AUTOS = YES_AGGRESSIVE;
				GCC_WARN_UNUSED_FUNCTION = YES;
				GCC_WARN_UNUSED_VARIABLE = YES;
				IPHONEOS_DEPLOYMENT_TARGET = 17.5;
				LOCALIZATION_PREFERS_STRING_CATALOGS = YES;
				MTL_ENABLE_DEBUG_INFO = NO;
				MTL_FAST_MATH = YES;
				SDKROOT = iphoneos;
				SWIFT_COMPILATION_MODE = wholemodule;
				VALIDATE_PRODUCT = YES;
			};
			name = Release;
		};
		1F3E80FE2D19B01E0090005E /* Debug */ = {
			isa = XCBuildConfiguration;
			buildSettings = {
				ASSETCATALOG_COMPILER_APPICON_NAME = AppIcon;
				ASSETCATALOG_COMPILER_GLOBAL_ACCENT_COLOR_NAME = AccentColor;
				CODE_SIGN_STYLE = Automatic;
				CURRENT_PROJECT_VERSION = 1;
				DEVELOPMENT_ASSET_PATHS = "\"TMDB_Arun/Preview Content\"";
				ENABLE_PREVIEWS = YES;
				GENERATE_INFOPLIST_FILE = YES;
				INFOPLIST_KEY_UIApplicationSceneManifest_Generation = YES;
				INFOPLIST_KEY_UIApplicationSupportsIndirectInputEvents = YES;
				INFOPLIST_KEY_UILaunchScreen_Generation = YES;
				INFOPLIST_KEY_UISupportedInterfaceOrientations_iPad = "UIInterfaceOrientationPortrait UIInterfaceOrientationPortraitUpsideDown UIInterfaceOrientationLandscapeLeft UIInterfaceOrientationLandscapeRight";
				INFOPLIST_KEY_UISupportedInterfaceOrientations_iPhone = "UIInterfaceOrientationPortrait UIInterfaceOrientationLandscapeLeft UIInterfaceOrientationLandscapeRight";
				LD_RUNPATH_SEARCH_PATHS = (
					"$(inherited)",
					"@executable_path/Frameworks",
				);
				MARKETING_VERSION = 1.0;
				PRODUCT_BUNDLE_IDENTIFIER = "com.testApp.TMDB-Arun";
				PRODUCT_NAME = "$(TARGET_NAME)";
				SWIFT_EMIT_LOC_STRINGS = YES;
				SWIFT_VERSION = 5.0;
				TARGETED_DEVICE_FAMILY = "1,2";
			};
			name = Debug;
		};
		1F3E80FF2D19B01E0090005E /* Release */ = {
			isa = XCBuildConfiguration;
			buildSettings = {
				ASSETCATALOG_COMPILER_APPICON_NAME = AppIcon;
				ASSETCATALOG_COMPILER_GLOBAL_ACCENT_COLOR_NAME = AccentColor;
				CODE_SIGN_STYLE = Automatic;
				CURRENT_PROJECT_VERSION = 1;
				DEVELOPMENT_ASSET_PATHS = "\"TMDB_Arun/Preview Content\"";
				ENABLE_PREVIEWS = YES;
				GENERATE_INFOPLIST_FILE = YES;
				INFOPLIST_KEY_UIApplicationSceneManifest_Generation = YES;
				INFOPLIST_KEY_UIApplicationSupportsIndirectInputEvents = YES;
				INFOPLIST_KEY_UILaunchScreen_Generation = YES;
				INFOPLIST_KEY_UISupportedInterfaceOrientations_iPad = "UIInterfaceOrientationPortrait UIInterfaceOrientationPortraitUpsideDown UIInterfaceOrientationLandscapeLeft UIInterfaceOrientationLandscapeRight";
				INFOPLIST_KEY_UISupportedInterfaceOrientations_iPhone = "UIInterfaceOrientationPortrait UIInterfaceOrientationLandscapeLeft UIInterfaceOrientationLandscapeRight";
				LD_RUNPATH_SEARCH_PATHS = (
					"$(inherited)",
					"@executable_path/Frameworks",
				);
				MARKETING_VERSION = 1.0;
				PRODUCT_BUNDLE_IDENTIFIER = "com.testApp.TMDB-Arun";
				PRODUCT_NAME = "$(TARGET_NAME)";
				SWIFT_EMIT_LOC_STRINGS = YES;
				SWIFT_VERSION = 5.0;
				TARGETED_DEVICE_FAMILY = "1,2";
			};
			name = Release;
		};
		1F3E81012D19B01E0090005E /* Debug */ = {
			isa = XCBuildConfiguration;
			buildSettings = {
				ALWAYS_EMBED_SWIFT_STANDARD_LIBRARIES = YES;
				BUNDLE_LOADER = "$(TEST_HOST)";
				CODE_SIGN_STYLE = Automatic;
				CURRENT_PROJECT_VERSION = 1;
				GENERATE_INFOPLIST_FILE = YES;
				IPHONEOS_DEPLOYMENT_TARGET = 17.5;
				MARKETING_VERSION = 1.0;
				PRODUCT_BUNDLE_IDENTIFIER = "com.testApp.TMDB-ArunTests";
				PRODUCT_NAME = "$(TARGET_NAME)";
				SWIFT_EMIT_LOC_STRINGS = NO;
				SWIFT_VERSION = 5.0;
				TARGETED_DEVICE_FAMILY = "1,2";
				TEST_HOST = "$(BUILT_PRODUCTS_DIR)/TMDB_Arun.app/$(BUNDLE_EXECUTABLE_FOLDER_PATH)/TMDB_Arun";
			};
			name = Debug;
		};
		1F3E81022D19B01E0090005E /* Release */ = {
			isa = XCBuildConfiguration;
			buildSettings = {
				ALWAYS_EMBED_SWIFT_STANDARD_LIBRARIES = YES;
				BUNDLE_LOADER = "$(TEST_HOST)";
				CODE_SIGN_STYLE = Automatic;
				CURRENT_PROJECT_VERSION = 1;
				GENERATE_INFOPLIST_FILE = YES;
				IPHONEOS_DEPLOYMENT_TARGET = 17.5;
				MARKETING_VERSION = 1.0;
				PRODUCT_BUNDLE_IDENTIFIER = "com.testApp.TMDB-ArunTests";
				PRODUCT_NAME = "$(TARGET_NAME)";
				SWIFT_EMIT_LOC_STRINGS = NO;
				SWIFT_VERSION = 5.0;
				TARGETED_DEVICE_FAMILY = "1,2";
				TEST_HOST = "$(BUILT_PRODUCTS_DIR)/TMDB_Arun.app/$(BUNDLE_EXECUTABLE_FOLDER_PATH)/TMDB_Arun";
			};
			name = Release;
		};
		1F3E81042D19B01E0090005E /* Debug */ = {
			isa = XCBuildConfiguration;
			buildSettings = {
				ALWAYS_EMBED_SWIFT_STANDARD_LIBRARIES = YES;
				CODE_SIGN_STYLE = Automatic;
				CURRENT_PROJECT_VERSION = 1;
				GENERATE_INFOPLIST_FILE = YES;
				MARKETING_VERSION = 1.0;
				PRODUCT_BUNDLE_IDENTIFIER = "com.testApp.TMDB-ArunUITests";
				PRODUCT_NAME = "$(TARGET_NAME)";
				SWIFT_EMIT_LOC_STRINGS = NO;
				SWIFT_VERSION = 5.0;
				TARGETED_DEVICE_FAMILY = "1,2";
				TEST_TARGET_NAME = TMDB_Arun;
			};
			name = Debug;
		};
		1F3E81052D19B01E0090005E /* Release */ = {
			isa = XCBuildConfiguration;
			buildSettings = {
				ALWAYS_EMBED_SWIFT_STANDARD_LIBRARIES = YES;
				CODE_SIGN_STYLE = Automatic;
				CURRENT_PROJECT_VERSION = 1;
				GENERATE_INFOPLIST_FILE = YES;
				MARKETING_VERSION = 1.0;
				PRODUCT_BUNDLE_IDENTIFIER = "com.testApp.TMDB-ArunUITests";
				PRODUCT_NAME = "$(TARGET_NAME)";
				SWIFT_EMIT_LOC_STRINGS = NO;
				SWIFT_VERSION = 5.0;
				TARGETED_DEVICE_FAMILY = "1,2";
				TEST_TARGET_NAME = TMDB_Arun;
			};
			name = Release;
		};
/* End XCBuildConfiguration section */

/* Begin XCConfigurationList section */
		1F3E80D42D19B01C0090005E /* Build configuration list for PBXProject "TMDB_Arun" */ = {
			isa = XCConfigurationList;
			buildConfigurations = (
				1F3E80FB2D19B01E0090005E /* Debug */,
				1F3E80FC2D19B01E0090005E /* Release */,
			);
			defaultConfigurationIsVisible = 0;
			defaultConfigurationName = Release;
		};
		1F3E80FD2D19B01E0090005E /* Build configuration list for PBXNativeTarget "TMDB_Arun" */ = {
			isa = XCConfigurationList;
			buildConfigurations = (
				1F3E80FE2D19B01E0090005E /* Debug */,
				1F3E80FF2D19B01E0090005E /* Release */,
			);
			defaultConfigurationIsVisible = 0;
			defaultConfigurationName = Release;
		};
		1F3E81002D19B01E0090005E /* Build configuration list for PBXNativeTarget "TMDB_ArunTests" */ = {
			isa = XCConfigurationList;
			buildConfigurations = (
				1F3E81012D19B01E0090005E /* Debug */,
				1F3E81022D19B01E0090005E /* Release */,
			);
			defaultConfigurationIsVisible = 0;
			defaultConfigurationName = Release;
		};
		1F3E81032D19B01E0090005E /* Build configuration list for PBXNativeTarget "TMDB_ArunUITests" */ = {
			isa = XCConfigurationList;
			buildConfigurations = (
				1F3E81042D19B01E0090005E /* Debug */,
				1F3E81052D19B01E0090005E /* Release */,
			);
			defaultConfigurationIsVisible = 0;
			defaultConfigurationName = Release;
		};
/* End XCConfigurationList section */
	};
	rootObject = 1F3E80D12D19B01C0090005E /* Project object */;
}
